
Microsoft Visual Studio Solution File, Format Version 12.00
# Visual Studio 2013
VisualStudioVersion = 12.0.31101.0
MinimumVisualStudioVersion = 10.0.40219.1
Project("{FAE04EC0-301F-11D3-BF4B-00C04F79EFBC}") = "DynamicRestProxy.UnitTests", "DynamicRestProxy.UnitTests\DynamicRestProxy.UnitTests.csproj", "{FD3A49CD-A915-4010-B4BA-A81766F0CB14}"
EndProject
Project("{2150E333-8FDC-42A3-9474-1A3956D46DE8}") = ".nuget", ".nuget", "{C31FD192-2550-4CD1-90B5-143D61D83F8A}"
	ProjectSection(SolutionItems) = preProject
		.nuget\NuGet.Config = .nuget\NuGet.Config
		.nuget\NuGet.exe = .nuget\NuGet.exe
		.nuget\NuGet.targets = .nuget\NuGet.targets
	EndProjectSection
EndProject
Project("{FAE04EC0-301F-11D3-BF4B-00C04F79EFBC}") = "DynamicRestProxy.PortableHttpClient", "DynamicRestProxy.Portable\DynamicRestProxy.PortableHttpClient.csproj", "{11B51B4D-D60E-42E0-81D8-C9BCC08063AD}"
EndProject
Project("{FAE04EC0-301F-11D3-BF4B-00C04F79EFBC}") = "DynamicRestProxy.PortableHttpClient.UnitTests", "DynamicRestPRoxy.Portable.UnitTests\DynamicRestProxy.PortableHttpClient.UnitTests.csproj", "{8F20FF2D-3ECA-4444-9892-09292289B248}"
EndProject
Project("{FAE04EC0-301F-11D3-BF4B-00C04F79EFBC}") = "NuGet.DynamicRestClient", "NuGet.DynamicRestClient\NuGet.DynamicRestClient.csproj", "{1D805AB8-F6C8-49AB-82B8-D954B998BBE9}"
EndProject
Project("{2150E333-8FDC-42A3-9474-1A3956D46DE8}") = "Unit Tests", "Unit Tests", "{5D427DF5-A5A6-442F-9829-ADA85EF1EE61}"
EndProject
Project("{2150E333-8FDC-42A3-9474-1A3956D46DE8}") = "NuGet", "NuGet", "{AEFFFBCB-25A7-4B27-8C5D-DFB05C310DC0}"
EndProject
Project("{FAE04EC0-301F-11D3-BF4B-00C04F79EFBC}") = "Client.Google.UnitTests", "Client.Google.UnitTests\Client.Google.UnitTests.csproj", "{23FD9838-1477-4BF6-92C9-EBC031956F81}"
EndProject
Project("{FAE04EC0-301F-11D3-BF4B-00C04F79EFBC}") = "UnitTestHelpers", "UnitTestHelpers\UnitTestHelpers.csproj", "{A589A7BA-9E16-4AE4-B01C-8D6B0AA9CFF8}"
EndProject
Project("{2150E333-8FDC-42A3-9474-1A3956D46DE8}") = "Examples", "Examples", "{95CADD6E-CBDA-4C58-A4FD-C7048AAA195A}"
EndProject
Project("{FAE04EC0-301F-11D3-BF4B-00C04F79EFBC}") = "GoogleStorageConsole", "GoogleStorageConsole\GoogleStorageConsole.csproj", "{84256A60-D0CD-46BF-A95F-7040947BD56C}"
EndProject
Project("{2150E333-8FDC-42A3-9474-1A3956D46DE8}") = "Solution Items", "Solution Items", "{8D0E367C-0BCB-4AF8-B8D7-F029A734ED82}"
	ProjectSection(SolutionItems) = preProject
		BinderExtensions.cs = BinderExtensions.cs
		RestProxy.cs = RestProxy.cs
	EndProjectSection
EndProject
Global
	GlobalSection(SolutionConfigurationPlatforms) = preSolution
		Debug|Any CPU = Debug|Any CPU
		Release|Any CPU = Release|Any CPU
	EndGlobalSection
	GlobalSection(ProjectConfigurationPlatforms) = postSolution
		{FD3A49CD-A915-4010-B4BA-A81766F0CB14}.Debug|Any CPU.ActiveCfg = Debug|Any CPU
		{FD3A49CD-A915-4010-B4BA-A81766F0CB14}.Debug|Any CPU.Build.0 = Debug|Any CPU
		{FD3A49CD-A915-4010-B4BA-A81766F0CB14}.Release|Any CPU.ActiveCfg = Release|Any CPU
		{FD3A49CD-A915-4010-B4BA-A81766F0CB14}.Release|Any CPU.Build.0 = Release|Any CPU
		{11B51B4D-D60E-42E0-81D8-C9BCC08063AD}.Debug|Any CPU.ActiveCfg = Debug|Any CPU
		{11B51B4D-D60E-42E0-81D8-C9BCC08063AD}.Debug|Any CPU.Build.0 = Debug|Any CPU
		{11B51B4D-D60E-42E0-81D8-C9BCC08063AD}.Release|Any CPU.ActiveCfg = Release|Any CPU
		{11B51B4D-D60E-42E0-81D8-C9BCC08063AD}.Release|Any CPU.Build.0 = Release|Any CPU
		{8F20FF2D-3ECA-4444-9892-09292289B248}.Debug|Any CPU.ActiveCfg = Debug|Any CPU
		{8F20FF2D-3ECA-4444-9892-09292289B248}.Debug|Any CPU.Build.0 = Debug|Any CPU
		{8F20FF2D-3ECA-4444-9892-09292289B248}.Release|Any CPU.ActiveCfg = Release|Any CPU
		{8F20FF2D-3ECA-4444-9892-09292289B248}.Release|Any CPU.Build.0 = Release|Any CPU
		{1D805AB8-F6C8-49AB-82B8-D954B998BBE9}.Debug|Any CPU.ActiveCfg = Debug|Any CPU
		{1D805AB8-F6C8-49AB-82B8-D954B998BBE9}.Release|Any CPU.ActiveCfg = Release|Any CPU
		{23FD9838-1477-4BF6-92C9-EBC031956F81}.Debug|Any CPU.ActiveCfg = Debug|Any CPU
		{23FD9838-1477-4BF6-92C9-EBC031956F81}.Debug|Any CPU.Build.0 = Debug|Any CPU
		{23FD9838-1477-4BF6-92C9-EBC031956F81}.Release|Any CPU.ActiveCfg = Release|Any CPU
		{23FD9838-1477-4BF6-92C9-EBC031956F81}.Release|Any CPU.Build.0 = Release|Any CPU
		{A589A7BA-9E16-4AE4-B01C-8D6B0AA9CFF8}.Debug|Any CPU.ActiveCfg = Debug|Any CPU
		{A589A7BA-9E16-4AE4-B01C-8D6B0AA9CFF8}.Debug|Any CPU.Build.0 = Debug|Any CPU
		{A589A7BA-9E16-4AE4-B01C-8D6B0AA9CFF8}.Release|Any CPU.ActiveCfg = Release|Any CPU
		{A589A7BA-9E16-4AE4-B01C-8D6B0AA9CFF8}.Release|Any CPU.Build.0 = Release|Any CPU
		{84256A60-D0CD-46BF-A95F-7040947BD56C}.Debug|Any CPU.ActiveCfg = Debug|Any CPU
		{84256A60-D0CD-46BF-A95F-7040947BD56C}.Debug|Any CPU.Build.0 = Debug|Any CPU
		{84256A60-D0CD-46BF-A95F-7040947BD56C}.Release|Any CPU.ActiveCfg = Release|Any CPU
		{84256A60-D0CD-46BF-A95F-7040947BD56C}.Release|Any CPU.Build.0 = Release|Any CPU
	EndGlobalSection
	GlobalSection(SolutionProperties) = preSolution
		HideSolutionNode = FALSE
	EndGlobalSection
	GlobalSection(NestedProjects) = preSolution
		{FD3A49CD-A915-4010-B4BA-A81766F0CB14} = {5D427DF5-A5A6-442F-9829-ADA85EF1EE61}
		{8F20FF2D-3ECA-4444-9892-09292289B248} = {5D427DF5-A5A6-442F-9829-ADA85EF1EE61}
		{1D805AB8-F6C8-49AB-82B8-D954B998BBE9} = {AEFFFBCB-25A7-4B27-8C5D-DFB05C310DC0}
		{23FD9838-1477-4BF6-92C9-EBC031956F81} = {5D427DF5-A5A6-442F-9829-ADA85EF1EE61}
		{A589A7BA-9E16-4AE4-B01C-8D6B0AA9CFF8} = {5D427DF5-A5A6-442F-9829-ADA85EF1EE61}
		{84256A60-D0CD-46BF-A95F-7040947BD56C} = {95CADD6E-CBDA-4C58-A4FD-C7048AAA195A}
	EndGlobalSection
EndGlobal
